
Microsoft Visual Studio Solution File, Format Version 12.00
# Visual Studio Version 17
VisualStudioVersion = 17.5.33530.505
MinimumVisualStudioVersion = 10.0.40219.1
Project("{FAE04EC0-301F-11D3-BF4B-00C04F79EFBC}") = "Keyboard Macro", "Keyboard Macro\Keyboard Macro.csproj", "{52648C5E-5301-4103-BB73-CD983FC642D6}"
EndProject
Global
	GlobalSection(SolutionConfigurationPlatforms) = preSolution
		Debug|Any CPU = Debug|Any CPU
		Release|Any CPU = Release|Any CPU
	EndGlobalSection
	GlobalSection(ProjectConfigurationPlatforms) = postSolution
		{52648C5E-5301-4103-BB73-CD983FC642D6}.Debug|Any CPU.ActiveCfg = Debug|Any CPU
		{52648C5E-5301-4103-BB73-CD983FC642D6}.Debug|Any CPU.Build.0 = Debug|Any CPU
		{52648C5E-5301-4103-BB73-CD983FC642D6}.Release|Any CPU.ActiveCfg = Release|Any CPU
		{52648C5E-5301-4103-BB73-CD983FC642D6}.Release|Any CPU.Build.0 = Release|Any CPU
	EndGlobalSection
	GlobalSection(SolutionProperties) = preSolution
		HideSolutionNode = FALSE
	EndGlobalSection
	GlobalSection(ExtensibilityGlobals) = postSolution
		SolutionGuid = {CF6934DD-1E31-45FD-949D-BE7974CFA480}
	EndGlobalSection
EndGlobal
